
Microsoft Visual Studio Solution File, Format Version 12.00
# Visual Studio Version 17
VisualStudioVersion = 17.0.31919.166
MinimumVisualStudioVersion = 10.0.40219.1
Project("{9A19103F-16F7-4668-BE54-9A1E7A4F7556}") = "ChemoTaxis", "ChemoTaxis.csproj", "{C02BCC31-815A-427D-8DC4-0EAC0B5CCC29}"
EndProject
Global
	GlobalSection(SolutionConfigurationPlatforms) = preSolution
		Debug|Any CPU = Debug|Any CPU
		Release|Any CPU = Release|Any CPU
	EndGlobalSection
	GlobalSection(ProjectConfigurationPlatforms) = postSolution
		{C02BCC31-815A-427D-8DC4-0EAC0B5CCC29}.Debug|Any CPU.ActiveCfg = Debug|Any CPU
		{C02BCC31-815A-427D-8DC4-0EAC0B5CCC29}.Debug|Any CPU.Build.0 = Debug|Any CPU
		{C02BCC31-815A-427D-8DC4-0EAC0B5CCC29}.Release|Any CPU.ActiveCfg = Release|Any CPU
		{C02BCC31-815A-427D-8DC4-0EAC0B5CCC29}.Release|Any CPU.Build.0 = Release|Any CPU
	EndGlobalSection
	GlobalSection(SolutionProperties) = preSolution
		HideSolutionNode = FALSE
	EndGlobalSection
	GlobalSection(ExtensibilityGlobals) = postSolution
		SolutionGuid = {27AAACEF-0704-4F49-B90F-AD80C0ABADF5}
	EndGlobalSection
EndGlobal
